# THIS IS AN AUTOGENERATED FILE. DO NOT EDIT THIS FILE DIRECTLY.
# yarn lockfile v1


"@types/w3c-web-usb@^1.0.6":
  version "1.0.10"
  resolved "https://registry.yarnpkg.com/@types/w3c-web-usb/-/w3c-web-usb-1.0.10.tgz#cf89cccd2d93b6245e784c19afe0a9f5038d4528"
  integrity sha512-CHgUI5kTc/QLMP8hODUHhge0D4vx+9UiAwIGiT0sTy/B2XpdX1U5rJt6JSISgr6ikRT7vxV9EVAFeYZqUnl1gQ==

core-js@2.6.12:
  version "2.6.12"
  resolved "https://registry.yarnpkg.com/core-js/-/core-js-2.6.12.tgz#d9333dfa7b065e347cc5682219d6f690859cc2ec"
  integrity sha512-Kb2wC0fvsWfQrgk8HU5lW6U/Lcs8+9aaYcy4ZFc6DDlo4nZ7n70dEgE5rtR0oG6ufKDUnrwfWL1mXR5ljDatrQ==

node-addon-api@^7.0.0:
  version "7.1.0"
  resolved "https://registry.yarnpkg.com/node-addon-api/-/node-addon-api-7.1.0.tgz#71f609369379c08e251c558527a107107b5e0fdb"
  integrity sha512-mNcltoe1R8o7STTegSOHdnJNN7s5EUvhoS7ShnTHDyOSd+8H+UdWODq6qSv67PjC8Zc5JRT8+oLAMCr0SIXw7g==

node-gyp-build@^4.5.0:
  version "4.8.0"
  resolved "https://registry.yarnpkg.com/node-gyp-build/-/node-gyp-build-4.8.0.tgz#3fee9c1731df4581a3f9ead74664369ff00d26dd"
  integrity sha512-u6fs2AEUljNho3EYTJNBfImO5QTo/J/1Etd+NVdCj7qWKUSN/bSLkZwhDv7I+w/MSC6qJ4cknepkAYykDdK8og==

usb@2.11.0:
  version "2.11.0"
  resolved "https://registry.yarnpkg.com/usb/-/usb-2.11.0.tgz#bbb2257c65534635a450aed3754df7c8844d518e"
  integrity sha512-u5+NZ6DtoW8TIBtuSArQGAZZ/K15i3lYvZBAYmcgI+RcDS9G50/KPrUd3CrU8M92ahyCvg5e0gc8BDvr5Hwejg==
  dependencies:
    "@types/w3c-web-usb" "^1.0.6"
    node-addon-api "^7.0.0"
    node-gyp-build "^4.5.0"
